
Microsoft Visual Studio Solution File, Format Version 12.00
# Visual Studio Version 16
VisualStudioVersion = 16.0.30611.23
MinimumVisualStudioVersion = 10.0.40219.1
Project("{FAE04EC0-301F-11D3-BF4B-00C04F79EFBC}") = "Worksheet3", "Worksheet3\Worksheet3.csproj", "{B2D24F27-3299-441E-8C7A-D326BD97B097}"
EndProject
Global
	GlobalSection(SolutionConfigurationPlatforms) = preSolution
		Debug|Any CPU = Debug|Any CPU
		Release|Any CPU = Release|Any CPU
	EndGlobalSection
	GlobalSection(ProjectConfigurationPlatforms) = postSolution
		{B2D24F27-3299-441E-8C7A-D326BD97B097}.Debug|Any CPU.ActiveCfg = Debug|Any CPU
		{B2D24F27-3299-441E-8C7A-D326BD97B097}.Debug|Any CPU.Build.0 = Debug|Any CPU
		{B2D24F27-3299-441E-8C7A-D326BD97B097}.Release|Any CPU.ActiveCfg = Release|Any CPU
		{B2D24F27-3299-441E-8C7A-D326BD97B097}.Release|Any CPU.Build.0 = Release|Any CPU
	EndGlobalSection
	GlobalSection(SolutionProperties) = preSolution
		HideSolutionNode = FALSE
	EndGlobalSection
	GlobalSection(ExtensibilityGlobals) = postSolution
		SolutionGuid = {0966750B-0A89-450C-B4D7-924930A529A8}
	EndGlobalSection
EndGlobal
