
Microsoft Visual Studio Solution File, Format Version 12.00
# Visual Studio Version 16
VisualStudioVersion = 16.0.30621.155
MinimumVisualStudioVersion = 10.0.40219.1
Project("{FAE04EC0-301F-11D3-BF4B-00C04F79EFBC}") = "ShapeProject", "ShapeProject\ShapeProject.csproj", "{6FD89874-658F-480D-9095-2537F1B074BB}"
EndProject
Global
	GlobalSection(SolutionConfigurationPlatforms) = preSolution
		Debug|Any CPU = Debug|Any CPU
		Release|Any CPU = Release|Any CPU
	EndGlobalSection
	GlobalSection(ProjectConfigurationPlatforms) = postSolution
		{6FD89874-658F-480D-9095-2537F1B074BB}.Debug|Any CPU.ActiveCfg = Debug|Any CPU
		{6FD89874-658F-480D-9095-2537F1B074BB}.Debug|Any CPU.Build.0 = Debug|Any CPU
		{6FD89874-658F-480D-9095-2537F1B074BB}.Release|Any CPU.ActiveCfg = Release|Any CPU
		{6FD89874-658F-480D-9095-2537F1B074BB}.Release|Any CPU.Build.0 = Release|Any CPU
	EndGlobalSection
	GlobalSection(SolutionProperties) = preSolution
		HideSolutionNode = FALSE
	EndGlobalSection
	GlobalSection(ExtensibilityGlobals) = postSolution
		SolutionGuid = {3D76DBAA-8CC9-4BA8-8753-FA6C54C7F57A}
	EndGlobalSection
EndGlobal
